
Microsoft Visual Studio Solution File, Format Version 12.00
# Visual Studio Version 17
VisualStudioVersion = 17.13.35931.197
MinimumVisualStudioVersion = 10.0.40219.1
Project("{FAE04EC0-301F-11D3-BF4B-00C04F79EFBC}") = "BallsGame", "BallsGame\BallsGame.csproj", "{7B8B3633-C810-4AA7-AF55-9829DB0BDD57}"
	ProjectSection(ProjectDependencies) = postProject
		{2B74FBD7-93E8-4CDF-ACEC-CAC4BD604E75} = {2B74FBD7-93E8-4CDF-ACEC-CAC4BD604E75}
	EndProjectSection
EndProject
Project("{FAE04EC0-301F-11D3-BF4B-00C04F79EFBC}") = "BubbleClickerGame", "BubbleClickerGame\BubbleClickerGame.csproj", "{44839682-C185-4B9D-8EBA-8C9B4E072EAD}"
EndProject
Project("{FAE04EC0-301F-11D3-BF4B-00C04F79EFBC}") = "Balls_Core", "Balls_Core\Balls_Core.csproj", "{2B74FBD7-93E8-4CDF-ACEC-CAC4BD604E75}"
EndProject
Project("{FAE04EC0-301F-11D3-BF4B-00C04F79EFBC}") = "Billiards_Game", "Billiards_Game\Billiards_Game.csproj", "{D0E585EF-E588-4604-BDDB-D3CF0912B3A5}"
EndProject
Project("{FAE04EC0-301F-11D3-BF4B-00C04F79EFBC}") = "Diffusion", "Diffusion\Diffusion.csproj", "{C5E7DD32-A41A-4E31-892D-4D6EBEC4C67E}"
EndProject
Global
	GlobalSection(SolutionConfigurationPlatforms) = preSolution
		Debug|Any CPU = Debug|Any CPU
		Release|Any CPU = Release|Any CPU
	EndGlobalSection
	GlobalSection(ProjectConfigurationPlatforms) = postSolution
		{7B8B3633-C810-4AA7-AF55-9829DB0BDD57}.Debug|Any CPU.ActiveCfg = Debug|Any CPU
		{7B8B3633-C810-4AA7-AF55-9829DB0BDD57}.Debug|Any CPU.Build.0 = Debug|Any CPU
		{7B8B3633-C810-4AA7-AF55-9829DB0BDD57}.Release|Any CPU.ActiveCfg = Release|Any CPU
		{7B8B3633-C810-4AA7-AF55-9829DB0BDD57}.Release|Any CPU.Build.0 = Release|Any CPU
		{44839682-C185-4B9D-8EBA-8C9B4E072EAD}.Debug|Any CPU.ActiveCfg = Debug|Any CPU
		{44839682-C185-4B9D-8EBA-8C9B4E072EAD}.Debug|Any CPU.Build.0 = Debug|Any CPU
		{44839682-C185-4B9D-8EBA-8C9B4E072EAD}.Release|Any CPU.ActiveCfg = Release|Any CPU
		{44839682-C185-4B9D-8EBA-8C9B4E072EAD}.Release|Any CPU.Build.0 = Release|Any CPU
		{2B74FBD7-93E8-4CDF-ACEC-CAC4BD604E75}.Debug|Any CPU.ActiveCfg = Debug|Any CPU
		{2B74FBD7-93E8-4CDF-ACEC-CAC4BD604E75}.Debug|Any CPU.Build.0 = Debug|Any CPU
		{2B74FBD7-93E8-4CDF-ACEC-CAC4BD604E75}.Release|Any CPU.ActiveCfg = Release|Any CPU
		{2B74FBD7-93E8-4CDF-ACEC-CAC4BD604E75}.Release|Any CPU.Build.0 = Release|Any CPU
		{D0E585EF-E588-4604-BDDB-D3CF0912B3A5}.Debug|Any CPU.ActiveCfg = Debug|Any CPU
		{D0E585EF-E588-4604-BDDB-D3CF0912B3A5}.Debug|Any CPU.Build.0 = Debug|Any CPU
		{D0E585EF-E588-4604-BDDB-D3CF0912B3A5}.Release|Any CPU.ActiveCfg = Release|Any CPU
		{D0E585EF-E588-4604-BDDB-D3CF0912B3A5}.Release|Any CPU.Build.0 = Release|Any CPU
		{C5E7DD32-A41A-4E31-892D-4D6EBEC4C67E}.Debug|Any CPU.ActiveCfg = Debug|Any CPU
		{C5E7DD32-A41A-4E31-892D-4D6EBEC4C67E}.Debug|Any CPU.Build.0 = Debug|Any CPU
		{C5E7DD32-A41A-4E31-892D-4D6EBEC4C67E}.Release|Any CPU.ActiveCfg = Release|Any CPU
		{C5E7DD32-A41A-4E31-892D-4D6EBEC4C67E}.Release|Any CPU.Build.0 = Release|Any CPU
	EndGlobalSection
	GlobalSection(SolutionProperties) = preSolution
		HideSolutionNode = FALSE
	EndGlobalSection
	GlobalSection(ExtensibilityGlobals) = postSolution
		SolutionGuid = {14FA28CB-6668-4FA2-909B-CBB9028944FD}
	EndGlobalSection
EndGlobal
